PODS:
  - MediaPipeTasksGenAI (0.10.24):
    - MediaPipeTasksGenAIC (= 0.10.24)
  - MediaPipeTasksGenAIC (0.10.24)

DEPENDENCIES:
  - MediaPipeTasksGenAI (~> 0.10.24)
  - MediaPipeTasksGenAIC (~> 0.10.24)

SPEC REPOS:
  https://github.com/CocoaPods/Specs.git:
    - MediaPipeTasksGenAI
    - MediaPipeTasksGenAIC

SPEC CHECKSUMS:
  MediaPipeTasksGenAI: 076ba7032a6e9da16db9c7cf0c3b67c751c18bc1
  MediaPipeTasksGenAIC: ec35d9f431f6a6b651a0bc9f67a4ed149ffa575c

PODFILE CHECKSUM: e6ef155cbc52dec3f5fe639c956f51de34b365cf

COCOAPODS: 1.16.2
